
Microsoft Visual Studio Solution File, Format Version 12.00
# Visual Studio Version 17
VisualStudioVersion = 17.14.36414.22 d17.14
MinimumVisualStudioVersion = 10.0.40219.1
Project("{FAE04EC0-301F-11D3-BF4B-00C04F79EFBC}") = "HR_System", "HR_System.csproj", "{39FEDC00-21B1-4FB6-A541-2F9B7536F6E0}"
EndProject
Global
	GlobalSection(SolutionConfigurationPlatforms) = preSolution
		Debug|Any CPU = Debug|Any CPU
		Release|Any CPU = Release|Any CPU
	EndGlobalSection
	GlobalSection(ProjectConfigurationPlatforms) = postSolution
		{39FEDC00-21B1-4FB6-A541-2F9B7536F6E0}.Debug|Any CPU.ActiveCfg = Debug|Any CPU
		{39FEDC00-21B1-4FB6-A541-2F9B7536F6E0}.Debug|Any CPU.Build.0 = Debug|Any CPU
		{39FEDC00-21B1-4FB6-A541-2F9B7536F6E0}.Release|Any CPU.ActiveCfg = Release|Any CPU
		{39FEDC00-21B1-4FB6-A541-2F9B7536F6E0}.Release|Any CPU.Build.0 = Release|Any CPU
	EndGlobalSection
	GlobalSection(SolutionProperties) = preSolution
		HideSolutionNode = FALSE
	EndGlobalSection
	GlobalSection(ExtensibilityGlobals) = postSolution
		SolutionGuid = {8F81FBE8-3AA0-4456-B642-3FC76EBF305F}
	EndGlobalSection
EndGlobal
